
Microsoft Visual Studio Solution File, Format Version 12.00
# Visual Studio Version 16
VisualStudioVersion = 16.0.31515.178
MinimumVisualStudioVersion = 10.0.40219.1
Project("{9A19103F-16F7-4668-BE54-9A1E7A4F7556}") = "Flasher.Api", "Flasher\Flasher.Api\Flasher.Api.csproj", "{58D20FC8-6315-48B3-88C8-802EDF849485}"
EndProject
Project("{9A19103F-16F7-4668-BE54-9A1E7A4F7556}") = "Flasher.Shared", "Flasher\Flasher.Shared\Flasher.Shared.csproj", "{9374836F-F54E-4AC7-9D15-7FF666604875}"
EndProject
Project("{9A19103F-16F7-4668-BE54-9A1E7A4F7556}") = "Flasher.Web", "Flasher.Web\Flasher.Web.csproj", "{F8B2F3AC-53A2-4D2F-9BFC-3B58EEB8232D}"
EndProject
Global
	GlobalSection(SolutionConfigurationPlatforms) = preSolution
		Debug|Any CPU = Debug|Any CPU
		Release|Any CPU = Release|Any CPU
	EndGlobalSection
	GlobalSection(ProjectConfigurationPlatforms) = postSolution
		{58D20FC8-6315-48B3-88C8-802EDF849485}.Debug|Any CPU.ActiveCfg = Debug|Any CPU
		{58D20FC8-6315-48B3-88C8-802EDF849485}.Debug|Any CPU.Build.0 = Debug|Any CPU
		{58D20FC8-6315-48B3-88C8-802EDF849485}.Release|Any CPU.ActiveCfg = Release|Any CPU
		{58D20FC8-6315-48B3-88C8-802EDF849485}.Release|Any CPU.Build.0 = Release|Any CPU
		{9374836F-F54E-4AC7-9D15-7FF666604875}.Debug|Any CPU.ActiveCfg = Debug|Any CPU
		{9374836F-F54E-4AC7-9D15-7FF666604875}.Debug|Any CPU.Build.0 = Debug|Any CPU
		{9374836F-F54E-4AC7-9D15-7FF666604875}.Release|Any CPU.ActiveCfg = Release|Any CPU
		{9374836F-F54E-4AC7-9D15-7FF666604875}.Release|Any CPU.Build.0 = Release|Any CPU
		{F8B2F3AC-53A2-4D2F-9BFC-3B58EEB8232D}.Debug|Any CPU.ActiveCfg = Debug|Any CPU
		{F8B2F3AC-53A2-4D2F-9BFC-3B58EEB8232D}.Debug|Any CPU.Build.0 = Debug|Any CPU
		{F8B2F3AC-53A2-4D2F-9BFC-3B58EEB8232D}.Release|Any CPU.ActiveCfg = Release|Any CPU
		{F8B2F3AC-53A2-4D2F-9BFC-3B58EEB8232D}.Release|Any CPU.Build.0 = Release|Any CPU
	EndGlobalSection
	GlobalSection(SolutionProperties) = preSolution
		HideSolutionNode = FALSE
	EndGlobalSection
	GlobalSection(ExtensibilityGlobals) = postSolution
		SolutionGuid = {7E4A4ABB-E613-42EB-AF22-3C34820EEB68}
	EndGlobalSection
EndGlobal
